
Microsoft Visual Studio Solution File, Format Version 12.00
# Visual Studio 15
Project("{FAE04EC0-301F-11D3-BF4B-00C04F79EFBC}") = "AdventurerClientDotNet.Core", "AdventurerClientDotNet.Core\AdventurerClientDotNet.Core.csproj", "{F6558587-9ADD-48A0-ABBC-C22481C19C24}"
EndProject
Project("{FAE04EC0-301F-11D3-BF4B-00C04F79EFBC}") = "AdventurerClientDotNet.Console", "AdventurerClientDotNet.Console\AdventurerClientDotNet.Console.csproj", "{29B464F2-4CD8-4257-89E8-388B281B6D83}"
EndProject
Global
	GlobalSection(SolutionConfigurationPlatforms) = preSolution
		Debug|Any CPU = Debug|Any CPU
		Release|Any CPU = Release|Any CPU
	EndGlobalSection
	GlobalSection(ProjectConfigurationPlatforms) = postSolution
		{F6558587-9ADD-48A0-ABBC-C22481C19C24}.Debug|Any CPU.ActiveCfg = Debug|Any CPU
		{F6558587-9ADD-48A0-ABBC-C22481C19C24}.Debug|Any CPU.Build.0 = Debug|Any CPU
		{F6558587-9ADD-48A0-ABBC-C22481C19C24}.Release|Any CPU.ActiveCfg = Release|Any CPU
		{F6558587-9ADD-48A0-ABBC-C22481C19C24}.Release|Any CPU.Build.0 = Release|Any CPU
		{29B464F2-4CD8-4257-89E8-388B281B6D83}.Debug|Any CPU.ActiveCfg = Debug|Any CPU
		{29B464F2-4CD8-4257-89E8-388B281B6D83}.Debug|Any CPU.Build.0 = Debug|Any CPU
		{29B464F2-4CD8-4257-89E8-388B281B6D83}.Release|Any CPU.ActiveCfg = Release|Any CPU
		{29B464F2-4CD8-4257-89E8-388B281B6D83}.Release|Any CPU.Build.0 = Release|Any CPU
	EndGlobalSection
EndGlobal
